{
  "name": "stand-with-ukraine-react",
  "version": "1.0.0",
  "lockfileVersion": 1,
  "requires": true,
  "dependencies": {
    "@types/prop-types": {
      "version": "15.7.4",
      "resolved": "https://registry.npmjs.org/@types/prop-types/-/prop-types-15.7.4.tgz",
      "integrity": "sha512-rZ5drC/jWjrArrS8BR6SIr4cWpW09RNTYt9AMZo3Jwwif+iacXAqgVjm0B0Bv/S1jhDXKHqRVNCbACkJ89RAnQ==",
      "dev": true
    },
    "@types/react": {
      "version": "17.0.40",
      "resolved": "https://registry.npmjs.org/@types/react/-/react-17.0.40.tgz",
      "integrity": "sha512-UrXhD/JyLH+W70nNSufXqMZNuUD2cXHu6UjCllC6pmOQgBX4SGXOH8fjRka0O0Ee0HrFxapDD8Bwn81Kmiz6jQ==",
      "dev": true,
      "requires": {
        "@types/prop-types": "*",
        "@types/scheduler": "*",
        "csstype": "^3.0.2"
      }
    },
    "@types/react-dom": {
      "version": "17.0.13",
      "resolved": "https://registry.npmjs.org/@types/react-dom/-/react-dom-17.0.13.tgz",
      "integrity": "sha512-wEP+B8hzvy6ORDv1QBhcQia4j6ea4SFIBttHYpXKPFZRviBvknq0FRh3VrIxeXUmsPkwuXVZrVGG7KUVONmXCQ==",
      "dev": true,
      "requires": {
        "@types/react": "*"
      }
    },
    "@types/scheduler": {
      "version": "0.16.2",
      "resolved": "https://registry.npmjs.org/@types/scheduler/-/scheduler-0.16.2.tgz",
      "integrity": "sha512-hppQEBDmlwhFAXKJX2KnWLYu5yMfi91yazPb2l+lbJiwW+wdo1gNeRA+3RgNSO39WYX2euey41KEwnqesU2Jew==",
      "dev": true
    },
    "csstype": {
      "version": "3.0.11",
      "resolved": "https://registry.npmjs.org/csstype/-/csstype-3.0.11.tgz",
      "integrity": "sha512-sa6P2wJ+CAbgyy4KFssIb/JNMLxFvKF1pCYCSXS8ZMuqZnMsrxqI2E5sPyoTpxoPU/gVZMzr2zjOfg8GIZOMsw==",
      "dev": true
    },
    "esbuild": {
      "version": "0.14.26",
      "resolved": "https://registry.npmjs.org/esbuild/-/esbuild-0.14.26.tgz",
      "integrity": "sha512-v0zIYlFB9NZ82/hFljhvpA7f8rob66r68ymB7juMz6TYAAMYjKGoW+hrMfRRvic5MAOI2wE/SuykFvsELLa6eA==",
      "dev": true,
      "requires": {
        "esbuild-android-64": "0.14.26",
        "esbuild-android-arm64": "0.14.26",
        "esbuild-darwin-64": "0.14.26",
        "esbuild-darwin-arm64": "0.14.26",
        "esbuild-freebsd-64": "0.14.26",
        "esbuild-freebsd-arm64": "0.14.26",
        "esbuild-linux-32": "0.14.26",
        "esbuild-linux-64": "0.14.26",
        "esbuild-linux-arm": "0.14.26",
        "esbuild-linux-arm64": "0.14.26",
        "esbuild-linux-mips64le": "0.14.26",
        "esbuild-linux-ppc64le": "0.14.26",
        "esbuild-linux-riscv64": "0.14.26",
        "esbuild-linux-s390x": "0.14.26",
        "esbuild-netbsd-64": "0.14.26",
        "esbuild-openbsd-64": "0.14.26",
        "esbuild-sunos-64": "0.14.26",
        "esbuild-windows-32": "0.14.26",
        "esbuild-windows-64": "0.14.26",
        "esbuild-windows-arm64": "0.14.26"
      }
    },
    "esbuild-android-64": {
      "version": "0.14.26",
      "resolved": "https://registry.npmjs.org/esbuild-android-64/-/esbuild-android-64-0.14.26.tgz",
      "integrity": "sha512-HIyJ3VvigHfseaI0D+vsD8zKQ4roDUD962/vtO/KXzav6wR//Y//Qx1HUX8k5bQeQ7/0yCXlltY9VBw1MFnWFQ==",
      "dev": true,
      "optional": true
    },
    "esbuild-android-arm64": {
      "version": "0.14.26",
      "resolved": "https://registry.npmjs.org/esbuild-android-arm64/-/esbuild-android-arm64-0.14.26.tgz",
      "integrity": "sha512-TxRCLxyU5yj3U8Bud9fCg3IxzIXXKaWcmDbvURm8JkRr0WvCAmwZBdLi5T8BasT1v5vrVE//M0KSHZod6HC6lA==",
      "dev": true,
      "optional": true
    },
    "esbuild-darwin-64": {
      "version": "0.14.26",
      "resolved": "https://registry.npmjs.org/esbuild-darwin-64/-/esbuild-darwin-64-0.14.26.tgz",
      "integrity": "sha512-oZJBN+CkR47Fc7KB1vowZy2kb5r+WSnsBjVEw7aI8HmR6louAgTr4bs1NwzaF6MbLi41ajaw6RdipfsM1H9PvQ==",
      "dev": true,
      "optional": true
    },
    "esbuild-darwin-arm64": {
      "version": "0.14.26",
      "resolved": "https://registry.npmjs.org/esbuild-darwin-arm64/-/esbuild-darwin-arm64-0.14.26.tgz",
      "integrity": "sha512-eYW+cmP3BGVPDp+wd9bRI5CN5HjkZnrMQtj46Mj//UsSh4SRvflAp3pjs3ooA+MCpIa9xZ8091HqLqpYi7KFWA==",
      "dev": true,
      "optional": true
    },
    "esbuild-freebsd-64": {
      "version": "0.14.26",
      "resolved": "https://registry.npmjs.org/esbuild-freebsd-64/-/esbuild-freebsd-64-0.14.26.tgz",
      "integrity": "sha512-Q+Hs27fSBkNfUHNhphSyWfF5lxl3o9S6LFlzkC5KofxLCnCESP+7YTzAWTosYGANsPT2mvYFOraFeYEokG+5DA==",
      "dev": true,
      "optional": true
    },
    "esbuild-freebsd-arm64": {
      "version": "0.14.26",
      "resolved": "https://registry.npmjs.org/esbuild-freebsd-arm64/-/esbuild-freebsd-arm64-0.14.26.tgz",
      "integrity": "sha512-MT+FuC/63oz6j/jvWOMCNqnHBYm/bNhGPArUgQX8GRhofFCeqe0NRmJbhtlHZaEeErIIjHPZQ/nXs34mfiqo/Q==",
      "dev": true,
      "optional": true
    },
    "esbuild-linux-32": {
      "version": "0.14.26",
      "resolved": "https://registry.npmjs.org/esbuild-linux-32/-/esbuild-linux-32-0.14.26.tgz",
      "integrity": "sha512-9gqSfJ8qMDvz7wXZoinNoe9/ekPpbT+/ZgVfZEeB72ETITVPHvMbG8i0E12wG366G01vMXtlxbD9IYJsMVhe6w==",
      "dev": true,
      "optional": true
    },
    "esbuild-linux-64": {
      "version": "0.14.26",
      "resolved": "https://registry.npmjs.org/esbuild-linux-64/-/esbuild-linux-64-0.14.26.tgz",
      "integrity": "sha512-aPku1lCxxXmBr5LkENSlGIbY33jjQExDzaSrNV+dDA5bHXhFnpI9UkSe+vQzrSkxgO66vNjSTNDcxg3pOXBaBw==",
      "dev": true,
      "optional": true
    },
    "esbuild-linux-arm": {
      "version": "0.14.26",
      "resolved": "https://registry.npmjs.org/esbuild-linux-arm/-/esbuild-linux-arm-0.14.26.tgz",
      "integrity": "sha512-m7ozLQozfgBmh9l3HWxDEVYEEG8GuTqzRoFuf9iX0xAlbtqmhhlm7M4zNMa2eyPEG+ejgHndAuvuB1hcOWvdJw==",
      "dev": true,
      "optional": true
    },
    "esbuild-linux-arm64": {
      "version": "0.14.26",
      "resolved": "https://registry.npmjs.org/esbuild-linux-arm64/-/esbuild-linux-arm64-0.14.26.tgz",
      "integrity": "sha512-S0boyzv5Yx+IN1A8253nEPzHqn/W/y+CRcLYFZ1E5DscqkY7EvBao6rhff3ZxaHU9Zrkn0pLVqlJdMx3rm6D4Q==",
      "dev": true,
      "optional": true
    },
    "esbuild-linux-mips64le": {
      "version": "0.14.26",
      "resolved": "https://registry.npmjs.org/esbuild-linux-mips64le/-/esbuild-linux-mips64le-0.14.26.tgz",
      "integrity": "sha512-TyMRc2ctQV1g9ruHg1Y793e18uDigKKsgzcZPzfxZi2z+hGK1uaSdaejGdULEJBJVMXt3/NC1T1yq0vCTiYYgg==",
      "dev": true,
      "optional": true
    },
    "esbuild-linux-ppc64le": {
      "version": "0.14.26",
      "resolved": "https://registry.npmjs.org/esbuild-linux-ppc64le/-/esbuild-linux-ppc64le-0.14.26.tgz",
      "integrity": "sha512-aOJPP80m2gV8CyDqEMGbwZaGKuR45tZU1qYZ0+Cy8lWV4CWmd9iBWhCLP3eI9d7163m6t+0YO/6N3iLSVlNnpA==",
      "dev": true,
      "optional": true
    },
    "esbuild-linux-riscv64": {
      "version": "0.14.26",
      "resolved": "https://registry.npmjs.org/esbuild-linux-riscv64/-/esbuild-linux-riscv64-0.14.26.tgz",
      "integrity": "sha512-2E5xK7SNZFXhFzRbZGtUqg3MbHnrx5XzqHaGLOLdHBqOSWIAdJKB3w6WtjpLkZvPuWrKeh51XnRpk1jm0TsUjQ==",
      "dev": true,
      "optional": true
    },
    "esbuild-linux-s390x": {
      "version": "0.14.26",
      "resolved": "https://registry.npmjs.org/esbuild-linux-s390x/-/esbuild-linux-s390x-0.14.26.tgz",
      "integrity": "sha512-kfSuFea857mTYMp/RAFmMp9TBjf1T8F/dTRqLn2p+g8Ok30Cp1+mI2+YCmxz5Uw2JOfxyvpND0Ek1PGPMo1UsQ==",
      "dev": true,
      "optional": true
    },
    "esbuild-netbsd-64": {
      "version": "0.14.26",
      "resolved": "https://registry.npmjs.org/esbuild-netbsd-64/-/esbuild-netbsd-64-0.14.26.tgz",
      "integrity": "sha512-tWhLwfOOqdZRwvaSYIWuic9Cj+WRRCLHe//Bmlf0ThBur9/EssRTtVh6/rC2Okp7Eb4QcerA/1wjWLYLECYD7g==",
      "dev": true,
      "optional": true
    },
    "esbuild-openbsd-64": {
      "version": "0.14.26",
      "resolved": "https://registry.npmjs.org/esbuild-openbsd-64/-/esbuild-openbsd-64-0.14.26.tgz",
      "integrity": "sha512-Xj7IWpsPn/hgKNzwjLpnf6wMtV0lfw5bzn7N9vmiCKx9TBA28L2hI8G15O0s9atLKny4HpmCGwZWmReNF1Ui6g==",
      "dev": true,
      "optional": true
    },
    "esbuild-sunos-64": {
      "version": "0.14.26",
      "resolved": "https://registry.npmjs.org/esbuild-sunos-64/-/esbuild-sunos-64-0.14.26.tgz",
      "integrity": "sha512-5odPsuhghCUYc3c1gEtz6pGq9cuGRDq1+iNdLBjZcz6IUebd0ay/AVORWchs5WddzyJA9hguxrKsPjECxX6OzQ==",
      "dev": true,
      "optional": true
    },
    "esbuild-windows-32": {
      "version": "0.14.26",
      "resolved": "https://registry.npmjs.org/esbuild-windows-32/-/esbuild-windows-32-0.14.26.tgz",
      "integrity": "sha512-xSVyGV6xGQlAC/K+oBXC9YiGGqoKqQGXVEFQKlDGXD6rxHGK5Fch0ynuvkjaYWW/p8OWqxGVYcof5BvGjY49RA==",
      "dev": true,
      "optional": true
    },
    "esbuild-windows-64": {
      "version": "0.14.26",
      "resolved": "https://registry.npmjs.org/esbuild-windows-64/-/esbuild-windows-64-0.14.26.tgz",
      "integrity": "sha512-Q0Bm42+wIqHJ8yF96T7nXosILXROegRtMmuI1L0kry0YBHnCFMtjNRTyUwv8yi7o2XvVYh7DF0NHLDL4N34MuA==",
      "dev": true,
      "optional": true
    },
    "esbuild-windows-arm64": {
      "version": "0.14.26",
      "resolved": "https://registry.npmjs.org/esbuild-windows-arm64/-/esbuild-windows-arm64-0.14.26.tgz",
      "integrity": "sha512-+l0DB0VV4LiSoDfNsGviK/2M88IR+/fOUfQoQx08RPu7OZ7gv9BqhRLZCSCT4qHT351OTH1nPv7avRXX6JRQcg==",
      "dev": true,
      "optional": true
    },
    "js-tokens": {
      "version": "4.0.0",
      "resolved": "https://registry.npmjs.org/js-tokens/-/js-tokens-4.0.0.tgz",
      "integrity": "sha512-RdJUflcE3cUzKiMqQgsCu06FPu9UdIJO0beYbPhHN4k6apgJtifcoCtT9bcxOpYBtpD2kCM6Sbzg4CausW/PKQ=="
    },
    "loose-envify": {
      "version": "1.4.0",
      "resolved": "https://registry.npmjs.org/loose-envify/-/loose-envify-1.4.0.tgz",
      "integrity": "sha512-lyuxPGr/Wfhrlem2CL/UcnUc1zcqKAImBDzukY7Y5F/yQiNdko6+fRLevlw1HgMySw7f611UIY408EtxRSoK3Q==",
      "requires": {
        "js-tokens": "^3.0.0 || ^4.0.0"
      }
    },
    "object-assign": {
      "version": "4.1.1",
      "resolved": "https://registry.npmjs.org/object-assign/-/object-assign-4.1.1.tgz",
      "integrity": "sha1-IQmtx5ZYh8/AXLvUQsrIv7s2CGM="
    },
    "react-dom": {
      "version": "17.0.2",
      "resolved": "https://registry.npmjs.org/react-dom/-/react-dom-17.0.2.tgz",
      "integrity": "sha512-s4h96KtLDUQlsENhMn1ar8t2bEa+q/YAtj8pPPdIjPDGBDIVNsrD9aXNWqspUe6AzKCIG0C1HZZLqLV7qpOBGA==",
      "requires": {
        "loose-envify": "^1.1.0",
        "object-assign": "^4.1.1",
        "scheduler": "^0.20.2"
      }
    },
    "scheduler": {
      "version": "0.20.2",
      "resolved": "https://registry.npmjs.org/scheduler/-/scheduler-0.20.2.tgz",
      "integrity": "sha512-2eWfGgAqqWFGqtdMmcL5zCMK1U8KlXv8SQFGglL3CEtd0aDVDWgeF/YoCmvln55m5zSk3J/20hTaSBeSObsQDQ==",
      "requires": {
        "loose-envify": "^1.1.0",
        "object-assign": "^4.1.1"
      }
    },
    "typescript": {
      "version": "4.6.2",
      "resolved": "https://registry.npmjs.org/typescript/-/typescript-4.6.2.tgz",
      "integrity": "sha512-HM/hFigTBHZhLXshn9sN37H085+hQGeJHJ/X7LpBWLID/fbc2acUMfU+lGD98X81sKP+pFa9f0DZmCwB9GnbAg==",
      "dev": true
    }
  }
}
